// !$*UTF8*$!
{
	archiveVersion = 1;
	classes = {
	};
	objectVersion = 46;
	objects = {

/* Begin PBXBuildFile section */
		2A87F63F19647D2000A114D3 /* Foundation.framework in Frameworks */ = {isa = PBXBuildFile; fileRef = 2A87F63E19647D2000A114D3 /* Foundation.framework */; };
		2A87F64119647D2000A114D3 /* CoreGraphics.framework in Frameworks */ = {isa = PBXBuildFile; fileRef = 2A87F64019647D2000A114D3 /* CoreGraphics.framework */; };
		2A87F64319647D2000A114D3 /* UIKit.framework in Frameworks */ = {isa = PBXBuildFile; fileRef = 2A87F64219647D2000A114D3 /* UIKit.framework */; };
		2A87F64919647D2000A114D3 /* InfoPlist.strings in Resources */ = {isa = PBXBuildFile; fileRef = 2A87F64719647D2000A114D3 /* InfoPlist.strings */; };
		2A87F64B19647D2000A114D3 /* main.m in Sources */ = {isa = PBXBuildFile; fileRef = 2A87F64A19647D2000A114D3 /* main.m */; };
		2A87F64F19647D2000A114D3 /* AppDelegate.m in Sources */ = {isa = PBXBuildFile; fileRef = 2A87F64E19647D2000A114D3 /* AppDelegate.m */; };
		2A87F65219647D2000A114D3 /* RootViewController.m in Sources */ = {isa = PBXBuildFile; fileRef = 2A87F65119647D2000A114D3 /* RootViewController.m */; };
		2A87F65519647D2000A114D3 /* DataViewController.m in Sources */ = {isa = PBXBuildFile; fileRef = 2A87F65419647D2000A114D3 /* DataViewController.m */; };
		2A87F65819647D2000A114D3 /* ModelController.m in Sources */ = {isa = PBXBuildFile; fileRef = 2A87F65719647D2000A114D3 /* ModelController.m */; };
		2A87F65B19647D2000A114D3 /* Main.storyboard in Resources */ = {isa = PBXBuildFile; fileRef = 2A87F65919647D2000A114D3 /* Main.storyboard */; };
		2A87F65D19647D2000A114D3 /* Images.xcassets in Resources */ = {isa = PBXBuildFile; fileRef = 2A87F65C19647D2000A114D3 /* Images.xcassets */; };
		2A87F66419647D2000A114D3 /* XCTest.framework in Frameworks */ = {isa = PBXBuildFile; fileRef = 2A87F66319647D2000A114D3 /* XCTest.framework */; };
		2A87F66519647D2000A114D3 /* Foundation.framework in Frameworks */ = {isa = PBXBuildFile; fileRef = 2A87F63E19647D2000A114D3 /* Foundation.framework */; };
		2A87F66619647D2000A114D3 /* UIKit.framework in Frameworks */ = {isa = PBXBuildFile; fileRef = 2A87F64219647D2000A114D3 /* UIKit.framework */; };
		2A87F66E19647D2000A114D3 /* InfoPlist.strings in Resources */ = {isa = PBXBuildFile; fileRef = 2A87F66C19647D2000A114D3 /* InfoPlist.strings */; };
		2A87F67019647D2000A114D3 /* TestPageAppTests.m in Sources */ = {isa = PBXBuildFile; fileRef = 2A87F66F19647D2000A114D3 /* TestPageAppTests.m */; };
/* End PBXBuildFile section */

/* Begin PBXContainerItemProxy section */
		2A87F66719647D2000A114D3 /* PBXContainerItemProxy */ = {
			isa = PBXContainerItemProxy;
			containerPortal = 2A87F63319647D2000A114D3 /* Project object */;
			proxyType = 1;
			remoteGlobalIDString = 2A87F63A19647D2000A114D3;
			remoteInfo = TestPageApp;
		};
/* End PBXContainerItemProxy section */

/* Begin PBXFileReference section */
		2A87F63B19647D2000A114D3 /* TestPageApp.app */ = {isa = PBXFileReference; explicitFileType = wrapper.application; includeInIndex = 0; path = TestPageApp.app; sourceTree = BUILT_PRODUCTS_DIR; };
		2A87F63E19647D2000A114D3 /* Foundation.framework */ = {isa = PBXFileReference; lastKnownFileType = wrapper.framework; name = Foundation.framework; path = System/Library/Frameworks/Foundation.framework; sourceTree = SDKROOT; };
		2A87F64019647D2000A114D3 /* CoreGraphics.framework */ = {isa = PBXFileReference; lastKnownFileType = wrapper.framework; name = CoreGraphics.framework; path = System/Library/Frameworks/CoreGraphics.framework; sourceTree = SDKROOT; };
		2A87F64219647D2000A114D3 /* UIKit.framework */ = {isa = PBXFileReference; lastKnownFileType = wrapper.framework; name = UIKit.framework; path = System/Library/Frameworks/UIKit.framework; sourceTree = SDKROOT; };
		2A87F64619647D2000A114D3 /* TestPageApp-Info.plist */ = {isa = PBXFileReference; lastKnownFileType = text.plist.xml; path = "TestPageApp-Info.plist"; sourceTree = "<group>"; };
		2A87F64819647D2000A114D3 /* en */ = {isa = PBXFileReference; lastKnownFileType = text.plist.strings; name = en; path = en.lproj/InfoPlist.strings; sourceTree = "<group>"; };
		2A87F64A19647D2000A114D3 /* main.m */ = {isa = PBXFileReference; lastKnownFileType = sourcecode.c.objc; path = main.m; sourceTree = "<group>"; };
		2A87F64C19647D2000A114D3 /* TestPageApp-Prefix.pch */ = {isa = PBXFileReference; lastKnownFileType = sourcecode.c.h; path = "TestPageApp-Prefix.pch"; sourceTree = "<group>"; };
		2A87F64D19647D2000A114D3 /* AppDelegate.h */ = {isa = PBXFileReference; lastKnownFileType = sourcecode.c.h; path = AppDelegate.h; sourceTree = "<group>"; };
		2A87F64E19647D2000A114D3 /* AppDelegate.m */ = {isa = PBXFileReference; lastKnownFileType = sourcecode.c.objc; path = AppDelegate.m; sourceTree = "<group>"; };
		2A87F65019647D2000A114D3 /* RootViewController.h */ = {isa = PBXFileReference; lastKnownFileType = sourcecode.c.h; path = RootViewController.h; sourceTree = "<group>"; };
		2A87F65119647D2000A114D3 /* RootViewController.m */ = {isa = PBXFileReference; lastKnownFileType = sourcecode.c.objc; path = RootViewController.m; sourceTree = "<group>"; };
		2A87F65319647D2000A114D3 /* DataViewController.h */ = {isa = PBXFileReference; lastKnownFileType = sourcecode.c.h; path = DataViewController.h; sourceTree = "<group>"; };
		2A87F65419647D2000A114D3 /* DataViewController.m */ = {isa = PBXFileReference; lastKnownFileType = sourcecode.c.objc; path = DataViewController.m; sourceTree = "<group>"; };
		2A87F65619647D2000A114D3 /* ModelController.h */ = {isa = PBXFileReference; lastKnownFileType = sourcecode.c.h; path = ModelController.h; sourceTree = "<group>"; };
		2A87F65719647D2000A114D3 /* ModelController.m */ = {isa = PBXFileReference; lastKnownFileType = sourcecode.c.objc; path = ModelController.m; sourceTree = "<group>"; };
		2A87F65A19647D2000A114D3 /* Base */ = {isa = PBXFileReference; lastKnownFileType = file.storyboard; name = Base; path = Base.lproj/Main.storyboard; sourceTree = "<group>"; };
		2A87F65C19647D2000A114D3 /* Images.xcassets */ = {isa = PBXFileReference; lastKnownFileType = folder.assetcatalog; path = Images.xcassets; sourceTree = "<group>"; };
		2A87F66219647D2000A114D3 /* TestPageAppTests.xctest */ = {isa = PBXFileReference; explicitFileType = wrapper.cfbundle; includeInIndex = 0; path = TestPageAppTests.xctest; sourceTree = BUILT_PRODUCTS_DIR; };
		2A87F66319647D2000A114D3 /* XCTest.framework */ = {isa = PBXFileReference; lastKnownFileType = wrapper.framework; name = XCTest.framework; path = Library/Frameworks/XCTest.framework; sourceTree = DEVELOPER_DIR; };
		2A87F66B19647D2000A114D3 /* TestPageAppTests-Info.plist */ = {isa = PBXFileReference; lastKnownFileType = text.plist.xml; path = "TestPageAppTests-Info.plist"; sourceTree = "<group>"; };
		2A87F66D19647D2000A114D3 /* en */ = {isa = PBXFileReference; lastKnownFileType = text.plist.strings; name = en; path = en.lproj/InfoPlist.strings; sourceTree = "<group>"; };
		2A87F66F19647D2000A114D3 /* TestPageAppTests.m */ = {isa = PBXFileReference; lastKnownFileType = sourcecode.c.objc; path = TestPageAppTests.m; sourceTree = "<group>"; };
/* End PBXFileReference section */

/* Begin PBXFrameworksBuildPhase section */
		2A87F63819647D2000A114D3 /* Frameworks */ = {
			isa = PBXFrameworksBuildPhase;
			buildActionMask = 2147483647;
			files = (
				2A87F64119647D2000A114D3 /* CoreGraphics.framework in Frameworks */,
				2A87F64319647D2000A114D3 /* UIKit.framework in Frameworks */,
				2A87F63F19647D2000A114D3 /* Foundation.framework in Frameworks */,
			);
			runOnlyForDeploymentPostprocessing = 0;
		};
		2A87F65F19647D2000A114D3 /* Frameworks */ = {
			isa = PBXFrameworksBuildPhase;
			buildActionMask = 2147483647;
			files = (
				2A87F66419647D2000A114D3 /* XCTest.framework in Frameworks */,
				2A87F66619647D2000A114D3 /* UIKit.framework in Frameworks */,
				2A87F66519647D2000A114D3 /* Foundation.framework in Frameworks */,
			);
			runOnlyForDeploymentPostprocessing = 0;
		};
/* End PBXFrameworksBuildPhase section */

/* Begin PBXGroup section */
		2A87F63219647D2000A114D3 = {
			isa = PBXGroup;
			children = (
				2A87F64419647D2000A114D3 /* TestPageApp */,
				2A87F66919647D2000A114D3 /* TestPageAppTests */,
				2A87F63D19647D2000A114D3 /* Frameworks */,
				2A87F63C19647D2000A114D3 /* Products */,
			);
			sourceTree = "<group>";
		};
		2A87F63C19647D2000A114D3 /* Products */ = {
			isa = PBXGroup;
			children = (
				2A87F63B19647D2000A114D3 /* TestPageApp.app */,
				2A87F66219647D2000A114D3 /* TestPageAppTests.xctest */,
			);
			name = Products;
			sourceTree = "<group>";
		};
		2A87F63D19647D2000A114D3 /* Frameworks */ = {
			isa = PBXGroup;
			children = (
				2A87F63E19647D2000A114D3 /* Foundation.framework */,
				2A87F64019647D2000A114D3 /* CoreGraphics.framework */,
				2A87F64219647D2000A114D3 /* UIKit.framework */,
				2A87F66319647D2000A114D3 /* XCTest.framework */,
			);
			name = Frameworks;
			sourceTree = "<group>";
		};
		2A87F64419647D2000A114D3 /* TestPageApp */ = {
			isa = PBXGroup;
			children = (
				2A87F64D19647D2000A114D3 /* AppDelegate.h */,
				2A87F64E19647D2000A114D3 /* AppDelegate.m */,
				2A87F65019647D2000A114D3 /* RootViewController.h */,
				2A87F65119647D2000A114D3 /* RootViewController.m */,
				2A87F65319647D2000A114D3 /* DataViewController.h */,
				2A87F65419647D2000A114D3 /* DataViewController.m */,
				2A87F65619647D2000A114D3 /* ModelController.h */,
				2A87F65719647D2000A114D3 /* ModelController.m */,
				2A87F65919647D2000A114D3 /* Main.storyboard */,
				2A87F65C19647D2000A114D3 /* Images.xcassets */,
				2A87F64519647D2000A114D3 /* Supporting Files */,
			);
			path = TestPageApp;
			sourceTree = "<group>";
		};
		2A87F64519647D2000A114D3 /* Supporting Files */ = {
			isa = PBXGroup;
			children = (
				2A87F64619647D2000A114D3 /* TestPageApp-Info.plist */,
				2A87F64719647D2000A114D3 /* InfoPlist.strings */,
				2A87F64A19647D2000A114D3 /* main.m */,
				2A87F64C19647D2000A114D3 /* TestPageApp-Prefix.pch */,
			);
			name = "Supporting Files";
			sourceTree = "<group>";
		};
		2A87F66919647D2000A114D3 /* TestPageAppTests */ = {
			isa = PBXGroup;
			children = (
				2A87F66F19647D2000A114D3 /* TestPageAppTests.m */,
				2A87F66A19647D2000A114D3 /* Supporting Files */,
			);
			path = TestPageAppTests;
			sourceTree = "<group>";
		};
		2A87F66A19647D2000A114D3 /* Supporting Files */ = {
			isa = PBXGroup;
			children = (
				2A87F66B19647D2000A114D3 /* TestPageAppTests-Info.plist */,
				2A87F66C19647D2000A114D3 /* InfoPlist.strings */,
			);
			name = "Supporting Files";
			sourceTree = "<group>";
		};
/* End PBXGroup section */

/* Begin PBXNativeTarget section */
		2A87F63A19647D2000A114D3 /* TestPageApp */ = {
			isa = PBXNativeTarget;
			buildConfigurationList = 2A87F67319647D2000A114D3 /* Build configuration list for PBXNativeTarget "TestPageApp" */;
			buildPhases = (
				2A87F63719647D2000A114D3 /* Sources */,
				2A87F63819647D2000A114D3 /* Frameworks */,
				2A87F63919647D2000A114D3 /* Resources */,
			);
			buildRules = (
			);
			dependencies = (
			);
			name = TestPageApp;
			productName = TestPageApp;
			productReference = 2A87F63B19647D2000A114D3 /* TestPageApp.app */;
			productType = "com.apple.product-type.application";
		};
		2A87F66119647D2000A114D3 /* TestPageAppTests */ = {
			isa = PBXNativeTarget;
			buildConfigurationList = 2A87F67619647D2000A114D3 /* Build configuration list for PBXNativeTarget "TestPageAppTests" */;
			buildPhases = (
				2A87F65E19647D2000A114D3 /* Sources */,
				2A87F65F19647D2000A114D3 /* Frameworks */,
				2A87F66019647D2000A114D3 /* Resources */,
			);
			buildRules = (
			);
			dependencies = (
				2A87F66819647D2000A114D3 /* PBXTargetDependency */,
			);
			name = TestPageAppTests;
			productName = TestPageAppTests;
			productReference = 2A87F66219647D2000A114D3 /* TestPageAppTests.xctest */;
			productType = "com.apple.product-type.bundle.unit-test";
		};
/* End PBXNativeTarget section */

/* Begin PBXProject section */
		2A87F63319647D2000A114D3 /* Project object */ = {
			isa = PBXProject;
			attributes = {
				LastUpgradeCheck = 0510;
				ORGANIZATIONNAME = "___JUSTINHIEGGELKE___";
				TargetAttributes = {
					2A87F66119647D2000A114D3 = {
						TestTargetID = 2A87F63A19647D2000A114D3;
					};
				};
			};
			buildConfigurationList = 2A87F63619647D2000A114D3 /* Build configuration list for PBXProject "TestPageApp" */;
			compatibilityVersion = "Xcode 3.2";
			developmentRegion = English;
			hasScannedForEncodings = 0;
			knownRegions = (
				en,
				Base,
			);
			mainGroup = 2A87F63219647D2000A114D3;
			productRefGroup = 2A87F63C19647D2000A114D3 /* Products */;
			projectDirPath = "";
			projectRoot = "";
			targets = (
				2A87F63A19647D2000A114D3 /* TestPageApp */,
				2A87F66119647D2000A114D3 /* TestPageAppTests */,
			);
		};
/* End PBXProject section */

/* Begin PBXResourcesBuildPhase section */
		2A87F63919647D2000A114D3 /* Resources */ = {
			isa = PBXResourcesBuildPhase;
			buildActionMask = 2147483647;
			files = (
				2A87F65D19647D2000A114D3 /* Images.xcassets in Resources */,
				2A87F64919647D2000A114D3 /* InfoPlist.strings in Resources */,
				2A87F65B19647D2000A114D3 /* Main.storyboard in Resources */,
			);
			runOnlyForDeploymentPostprocessing = 0;
		};
		2A87F66019647D2000A114D3 /* Resources */ = {
			isa = PBXResourcesBuildPhase;
			buildActionMask = 2147483647;
			files = (
				2A87F66E19647D2000A114D3 /* InfoPlist.strings in Resources */,
			);
			runOnlyForDeploymentPostprocessing = 0;
		};
/* End PBXResourcesBuildPhase section */

/* Begin PBXSourcesBuildPhase section */
		2A87F63719647D2000A114D3 /* Sources */ = {
			isa = PBXSourcesBuildPhase;
			buildActionMask = 2147483647;
			files = (
				2A87F65519647D2000A114D3 /* DataViewController.m in Sources */,
				2A87F64F19647D2000A114D3 /* AppDelegate.m in Sources */,
				2A87F65819647D2000A114D3 /* ModelController.m in Sources */,
				2A87F64B19647D2000A114D3 /* main.m in Sources */,
				2A87F65219647D2000A114D3 /* RootViewController.m in Sources */,
			);
			runOnlyForDeploymentPostprocessing = 0;
		};
		2A87F65E19647D2000A114D3 /* Sources */ = {
			isa = PBXSourcesBuildPhase;
			buildActionMask = 2147483647;
			files = (
				2A87F67019647D2000A114D3 /* TestPageAppTests.m in Sources */,
			);
			runOnlyForDeploymentPostprocessing = 0;
		};
/* End PBXSourcesBuildPhase section */

/* Begin PBXTargetDependency section */
		2A87F66819647D2000A114D3 /* PBXTargetDependency */ = {
			isa = PBXTargetDependency;
			target = 2A87F63A19647D2000A114D3 /* TestPageApp */;
			targetProxy = 2A87F66719647D2000A114D3 /* PBXContainerItemProxy */;
		};
/* End PBXTargetDependency section */

/* Begin PBXVariantGroup section */
		2A87F64719647D2000A114D3 /* InfoPlist.strings */ = {
			isa = PBXVariantGroup;
			children = (
				2A87F64819647D2000A114D3 /* en */,
			);
			name = InfoPlist.strings;
			sourceTree = "<group>";
		};
		2A87F65919647D2000A114D3 /* Main.storyboard */ = {
			isa = PBXVariantGroup;
			children = (
				2A87F65A19647D2000A114D3 /* Base */,
			);
			name = Main.storyboard;
			sourceTree = "<group>";
		};
		2A87F66C19647D2000A114D3 /* InfoPlist.strings */ = {
			isa = PBXVariantGroup;
			children = (
				2A87F66D19647D2000A114D3 /* en */,
			);
			name = InfoPlist.strings;
			sourceTree = "<group>";
		};
/* End PBXVariantGroup section */

/* Begin XCBuildConfiguration section */
		2A87F67119647D2000A114D3 /* Debug */ = {
			isa = XCBuildConfiguration;
			buildSettings = {
				ALWAYS_SEARCH_USER_PATHS = NO;
				CLANG_CXX_LANGUAGE_STANDARD = "gnu++0x";
				CLANG_CXX_LIBRARY = "libc++";
				CLANG_ENABLE_MODULES = YES;
				CLANG_ENABLE_OBJC_ARC = YES;
				CLANG_WARN_BOOL_CONVERSION = YES;
				CLANG_WARN_CONSTANT_CONVERSION = YES;
				CLANG_WARN_DIRECT_OBJC_ISA_USAGE = YES_ERROR;
				CLANG_WARN_EMPTY_BODY = YES;
				CLANG_WARN_ENUM_CONVERSION = YES;
				CLANG_WARN_INT_CONVERSION = YES;
				CLANG_WARN_OBJC_ROOT_CLASS = YES_ERROR;
				CLANG_WARN__DUPLICATE_METHOD_MATCH = YES;
				"CODE_SIGN_IDENTITY[sdk=iphoneos*]" = "iPhone Developer";
				COPY_PHASE_STRIP = NO;
				GCC_C_LANGUAGE_STANDARD = gnu99;
				GCC_DYNAMIC_NO_PIC = NO;
				GCC_OPTIMIZATION_LEVEL = 0;
				GCC_PREPROCESSOR_DEFINITIONS = (
					"DEBUG=1",
					"$(inherited)",
				);
				GCC_SYMBOLS_PRIVATE_EXTERN = NO;
				GCC_WARN_64_TO_32_BIT_CONVERSION = YES;
				GCC_WARN_ABOUT_RETURN_TYPE = YES_ERROR;
				GCC_WARN_UNDECLARED_SELECTOR = YES;
				GCC_WARN_UNINITIALIZED_AUTOS = YES_AGGRESSIVE;
				GCC_WARN_UNUSED_FUNCTION = YES;
				GCC_WARN_UNUSED_VARIABLE = YES;
				IPHONEOS_DEPLOYMENT_TARGET = 7.1;
				ONLY_ACTIVE_ARCH = YES;
				SDKROOT = iphoneos;
			};
			name = Debug;
		};
		2A87F67219647D2000A114D3 /* Release */ = {
			isa = XCBuildConfiguration;
			buildSettings = {
				ALWAYS_SEARCH_USER_PATHS = NO;
				CLANG_CXX_LANGUAGE_STANDARD = "gnu++0x";
				CLANG_CXX_LIBRARY = "libc++";
				CLANG_ENABLE_MODULES = YES;
				CLANG_ENABLE_OBJC_ARC = YES;
				CLANG_WARN_BOOL_CONVERSION = YES;
				CLANG_WARN_CONSTANT_CONVERSION = YES;
				CLANG_WARN_DIRECT_OBJC_ISA_USAGE = YES_ERROR;
				CLANG_WARN_EMPTY_BODY = YES;
				CLANG_WARN_ENUM_CONVERSION = YES;
				CLANG_WARN_INT_CONVERSION = YES;
				CLANG_WARN_OBJC_ROOT_CLASS = YES_ERROR;
				CLANG_WARN__DUPLICATE_METHOD_MATCH = YES;
				"CODE_SIGN_IDENTITY[sdk=iphoneos*]" = "iPhone Developer";
				COPY_PHASE_STRIP = YES;
				ENABLE_NS_ASSERTIONS = NO;
				GCC_C_LANGUAGE_STANDARD = gnu99;
				GCC_WARN_64_TO_32_BIT_CONVERSION = YES;
				GCC_WARN_ABOUT_RETURN_TYPE = YES_ERROR;
				GCC_WARN_UNDECLARED_SELECTOR = YES;
				GCC_WARN_UNINITIALIZED_AUTOS = YES_AGGRESSIVE;
				GCC_WARN_UNUSED_FUNCTION = YES;
				GCC_WARN_UNUSED_VARIABLE = YES;
				IPHONEOS_DEPLOYMENT_TARGET = 7.1;
				SDKROOT = iphoneos;
				VALIDATE_PRODUCT = YES;
			};
			name = Release;
		};
		2A87F67419647D2000A114D3 /* Debug */ = {
			isa = XCBuildConfiguration;
			buildSettings = {
				ASSETCATALOG_COMPILER_APPICON_NAME = AppIcon;
				ASSETCATALOG_COMPILER_LAUNCHIMAGE_NAME = LaunchImage;
				GCC_PRECOMPILE_PREFIX_HEADER = YES;
				GCC_PREFIX_HEADER = "TestPageApp/TestPageApp-Prefix.pch";
				INFOPLIST_FILE = "TestPageApp/TestPageApp-Info.plist";
				PRODUCT_NAME = "$(TARGET_NAME)";
				WRAPPER_EXTENSION = app;
			};
			name = Debug;
		};
		2A87F67519647D2000A114D3 /* Release */ = {
			isa = XCBuildConfiguration;
			buildSettings = {
				ASSETCATALOG_COMPILER_APPICON_NAME = AppIcon;
				ASSETCATALOG_COMPILER_LAUNCHIMAGE_NAME = LaunchImage;
				GCC_PRECOMPILE_PREFIX_HEADER = YES;
				GCC_PREFIX_HEADER = "TestPageApp/TestPageApp-Prefix.pch";
				INFOPLIST_FILE = "TestPageApp/TestPageApp-Info.plist";
				PRODUCT_NAME = "$(TARGET_NAME)";
				WRAPPER_EXTENSION = app;
			};
			name = Release;
		};
		2A87F67719647D2000A114D3 /* Debug */ = {
			isa = XCBuildConfiguration;
			buildSettings = {
				BUNDLE_LOADER = "$(BUILT_PRODUCTS_DIR)/TestPageApp.app/TestPageApp";
				FRAMEWORK_SEARCH_PATHS = (
					"$(SDKROOT)/Developer/Library/Frameworks",
					"$(inherited)",
					"$(DEVELOPER_FRAMEWORKS_DIR)",
				);
				GCC_PRECOMPILE_PREFIX_HEADER = YES;
				GCC_PREFIX_HEADER = "TestPageApp/TestPageApp-Prefix.pch";
				GCC_PREPROCESSOR_DEFINITIONS = (
					"DEBUG=1",
					"$(inherited)",
				);
				INFOPLIST_FILE = "TestPageAppTests/TestPageAppTests-Info.plist";
				PRODUCT_NAME = "$(TARGET_NAME)";
				TEST_HOST = "$(BUNDLE_LOADER)";
				WRAPPER_EXTENSION = xctest;
			};
			name = Debug;
		};
		2A87F67819647D2000A114D3 /* Release */ = {
			isa = XCBuildConfiguration;
			buildSettings = {
				BUNDLE_LOADER = "$(BUILT_PRODUCTS_DIR)/TestPageApp.app/TestPageApp";
				FRAMEWORK_SEARCH_PATHS = (
					"$(SDKROOT)/Developer/Library/Frameworks",
					"$(inherited)",
					"$(DEVELOPER_FRAMEWORKS_DIR)",
				);
				GCC_PRECOMPILE_PREFIX_HEADER = YES;
				GCC_PREFIX_HEADER = "TestPageApp/TestPageApp-Prefix.pch";
				INFOPLIST_FILE = "TestPageAppTests/TestPageAppTests-Info.plist";
				PRODUCT_NAME = "$(TARGET_NAME)";
				TEST_HOST = "$(BUNDLE_LOADER)";
				WRAPPER_EXTENSION = xctest;
			};
			name = Release;
		};
/* End XCBuildConfiguration section */

/* Begin XCConfigurationList section */
		2A87F63619647D2000A114D3 /* Build configuration list for PBXProject "TestPageApp" */ = {
			isa = XCConfigurationList;
			buildConfigurations = (
				2A87F67119647D2000A114D3 /* Debug */,
				2A87F67219647D2000A114D3 /* Release */,
			);
			defaultConfigurationIsVisible = 0;
			defaultConfigurationName = Release;
		};
		2A87F67319647D2000A114D3 /* Build configuration list for PBXNativeTarget "TestPageApp" */ = {
			isa = XCConfigurationList;
			buildConfigurations = (
				2A87F67419647D2000A114D3 /* Debug */,
				2A87F67519647D2000A114D3 /* Release */,
			);
			defaultConfigurationIsVisible = 0;
		};
		2A87F67619647D2000A114D3 /* Build configuration list for PBXNativeTarget "TestPageAppTests" */ = {
			isa = XCConfigurationList;
			buildConfigurations = (
				2A87F67719647D2000A114D3 /* Debug */,
				2A87F67819647D2000A114D3 /* Release */,
			);
			defaultConfigurationIsVisible = 0;
		};
/* End XCConfigurationList section */
	};
	rootObject = 2A87F63319647D2000A114D3 /* Project object */;
}
